
Microsoft Visual Studio Solution File, Format Version 12.00
# Visual Studio Version 17
VisualStudioVersion = 17.4.33205.214
MinimumVisualStudioVersion = 10.0.40219.1
Project("{FAE04EC0-301F-11D3-BF4B-00C04F79EFBC}") = "PleasantRustleDesktop", "PrintingHouseProject\PleasantRustleDesktop.csproj", "{F0635CBC-26AF-4AF9-9555-AF1FE6C04B76}"
EndProject
Project("{FAE04EC0-301F-11D3-BF4B-00C04F79EFBC}") = "WSUniversalLib", "WSUniversalLib\WSUniversalLib.csproj", "{47918707-2094-4A84-972F-46257E6F401C}"
EndProject
Project("{FAE04EC0-301F-11D3-BF4B-00C04F79EFBC}") = "UnitTestProject", "UnitTestProject\UnitTestProject.csproj", "{EB49084E-89F9-4CBE-86E7-A4080EE3AAE8}"
EndProject
Global
	GlobalSection(SolutionConfigurationPlatforms) = preSolution
		Debug|Any CPU = Debug|Any CPU
		Release|Any CPU = Release|Any CPU
	EndGlobalSection
	GlobalSection(ProjectConfigurationPlatforms) = postSolution
		{F0635CBC-26AF-4AF9-9555-AF1FE6C04B76}.Debug|Any CPU.ActiveCfg = Debug|Any CPU
		{F0635CBC-26AF-4AF9-9555-AF1FE6C04B76}.Debug|Any CPU.Build.0 = Debug|Any CPU
		{F0635CBC-26AF-4AF9-9555-AF1FE6C04B76}.Release|Any CPU.ActiveCfg = Release|Any CPU
		{F0635CBC-26AF-4AF9-9555-AF1FE6C04B76}.Release|Any CPU.Build.0 = Release|Any CPU
		{47918707-2094-4A84-972F-46257E6F401C}.Debug|Any CPU.ActiveCfg = Debug|Any CPU
		{47918707-2094-4A84-972F-46257E6F401C}.Debug|Any CPU.Build.0 = Debug|Any CPU
		{47918707-2094-4A84-972F-46257E6F401C}.Release|Any CPU.ActiveCfg = Release|Any CPU
		{47918707-2094-4A84-972F-46257E6F401C}.Release|Any CPU.Build.0 = Release|Any CPU
		{EB49084E-89F9-4CBE-86E7-A4080EE3AAE8}.Debug|Any CPU.ActiveCfg = Debug|Any CPU
		{EB49084E-89F9-4CBE-86E7-A4080EE3AAE8}.Debug|Any CPU.Build.0 = Debug|Any CPU
		{EB49084E-89F9-4CBE-86E7-A4080EE3AAE8}.Release|Any CPU.ActiveCfg = Release|Any CPU
		{EB49084E-89F9-4CBE-86E7-A4080EE3AAE8}.Release|Any CPU.Build.0 = Release|Any CPU
	EndGlobalSection
	GlobalSection(SolutionProperties) = preSolution
		HideSolutionNode = FALSE
	EndGlobalSection
	GlobalSection(ExtensibilityGlobals) = postSolution
		SolutionGuid = {25D7AA02-E584-4E18-AB2E-8C1D24239279}
	EndGlobalSection
EndGlobal
